
Microsoft Visual Studio Solution File, Format Version 12.00
# Visual Studio 15
VisualStudioVersion = 15.0.26730.16
MinimumVisualStudioVersion = 10.0.40219.1
Project("{FAE04EC0-301F-11D3-BF4B-00C04F79EFBC}") = "Task1", "Task1\Task1.csproj", "{69163FE9-12FE-4A15-BA66-8EC688B6980A}"
EndProject
Project("{FAE04EC0-301F-11D3-BF4B-00C04F79EFBC}") = "Task2", "Task2\Task2.csproj", "{EDF59991-3B9D-44FB-9C06-1459FEAC771C}"
EndProject
Project("{FAE04EC0-301F-11D3-BF4B-00C04F79EFBC}") = "Task3", "Task3\Task3.csproj", "{973A9E89-6F9D-4077-B9D0-5A2C36D04CAB}"
EndProject
Project("{FAE04EC0-301F-11D3-BF4B-00C04F79EFBC}") = "Task4", "Task4\Task4.csproj", "{F220FEB1-773D-4946-AADE-CD79565DF2D9}"
EndProject
Project("{FAE04EC0-301F-11D3-BF4B-00C04F79EFBC}") = "Task5", "Task5\Task5.csproj", "{C98F8A71-0F2C-47B4-9039-33B164DF9FB8}"
EndProject
Global
	GlobalSection(SolutionConfigurationPlatforms) = preSolution
		Debug|Any CPU = Debug|Any CPU
		Release|Any CPU = Release|Any CPU
	EndGlobalSection
	GlobalSection(ProjectConfigurationPlatforms) = postSolution
		{69163FE9-12FE-4A15-BA66-8EC688B6980A}.Debug|Any CPU.ActiveCfg = Debug|Any CPU
		{69163FE9-12FE-4A15-BA66-8EC688B6980A}.Debug|Any CPU.Build.0 = Debug|Any CPU
		{69163FE9-12FE-4A15-BA66-8EC688B6980A}.Release|Any CPU.ActiveCfg = Release|Any CPU
		{69163FE9-12FE-4A15-BA66-8EC688B6980A}.Release|Any CPU.Build.0 = Release|Any CPU
		{EDF59991-3B9D-44FB-9C06-1459FEAC771C}.Debug|Any CPU.ActiveCfg = Debug|Any CPU
		{EDF59991-3B9D-44FB-9C06-1459FEAC771C}.Debug|Any CPU.Build.0 = Debug|Any CPU
		{EDF59991-3B9D-44FB-9C06-1459FEAC771C}.Release|Any CPU.ActiveCfg = Release|Any CPU
		{EDF59991-3B9D-44FB-9C06-1459FEAC771C}.Release|Any CPU.Build.0 = Release|Any CPU
		{973A9E89-6F9D-4077-B9D0-5A2C36D04CAB}.Debug|Any CPU.ActiveCfg = Debug|Any CPU
		{973A9E89-6F9D-4077-B9D0-5A2C36D04CAB}.Debug|Any CPU.Build.0 = Debug|Any CPU
		{973A9E89-6F9D-4077-B9D0-5A2C36D04CAB}.Release|Any CPU.ActiveCfg = Release|Any CPU
		{973A9E89-6F9D-4077-B9D0-5A2C36D04CAB}.Release|Any CPU.Build.0 = Release|Any CPU
		{F220FEB1-773D-4946-AADE-CD79565DF2D9}.Debug|Any CPU.ActiveCfg = Debug|Any CPU
		{F220FEB1-773D-4946-AADE-CD79565DF2D9}.Debug|Any CPU.Build.0 = Debug|Any CPU
		{F220FEB1-773D-4946-AADE-CD79565DF2D9}.Release|Any CPU.ActiveCfg = Release|Any CPU
		{F220FEB1-773D-4946-AADE-CD79565DF2D9}.Release|Any CPU.Build.0 = Release|Any CPU
		{C98F8A71-0F2C-47B4-9039-33B164DF9FB8}.Debug|Any CPU.ActiveCfg = Debug|Any CPU
		{C98F8A71-0F2C-47B4-9039-33B164DF9FB8}.Debug|Any CPU.Build.0 = Debug|Any CPU
		{C98F8A71-0F2C-47B4-9039-33B164DF9FB8}.Release|Any CPU.ActiveCfg = Release|Any CPU
		{C98F8A71-0F2C-47B4-9039-33B164DF9FB8}.Release|Any CPU.Build.0 = Release|Any CPU
	EndGlobalSection
	GlobalSection(SolutionProperties) = preSolution
		HideSolutionNode = FALSE
	EndGlobalSection
	GlobalSection(ExtensibilityGlobals) = postSolution
		SolutionGuid = {6A22D9ED-105A-45A7-9A33-1DD04E061A30}
	EndGlobalSection
EndGlobal
