
Microsoft Visual Studio Solution File, Format Version 12.00
# Visual Studio 15
VisualStudioVersion = 15.0.26730.16
MinimumVisualStudioVersion = 10.0.40219.1
Project("{FAE04EC0-301F-11D3-BF4B-00C04F79EFBC}") = "Task1", "Task1\Task1.csproj", "{F99E9C05-06DE-4BEE-A7D0-3246954A3CBD}"
EndProject
Project("{FAE04EC0-301F-11D3-BF4B-00C04F79EFBC}") = "Task2", "Task2\Task2.csproj", "{AC5427F1-BE17-4A63-BBF0-021A9B9084D9}"
EndProject
Project("{FAE04EC0-301F-11D3-BF4B-00C04F79EFBC}") = "Task3", "Task3\Task3.csproj", "{8FFF7AC4-5926-4394-A6A5-D8BEBDBF1AD5}"
EndProject
Global
	GlobalSection(SolutionConfigurationPlatforms) = preSolution
		Debug|Any CPU = Debug|Any CPU
		Release|Any CPU = Release|Any CPU
	EndGlobalSection
	GlobalSection(ProjectConfigurationPlatforms) = postSolution
		{F99E9C05-06DE-4BEE-A7D0-3246954A3CBD}.Debug|Any CPU.ActiveCfg = Debug|Any CPU
		{F99E9C05-06DE-4BEE-A7D0-3246954A3CBD}.Debug|Any CPU.Build.0 = Debug|Any CPU
		{F99E9C05-06DE-4BEE-A7D0-3246954A3CBD}.Release|Any CPU.ActiveCfg = Release|Any CPU
		{F99E9C05-06DE-4BEE-A7D0-3246954A3CBD}.Release|Any CPU.Build.0 = Release|Any CPU
		{AC5427F1-BE17-4A63-BBF0-021A9B9084D9}.Debug|Any CPU.ActiveCfg = Debug|Any CPU
		{AC5427F1-BE17-4A63-BBF0-021A9B9084D9}.Debug|Any CPU.Build.0 = Debug|Any CPU
		{AC5427F1-BE17-4A63-BBF0-021A9B9084D9}.Release|Any CPU.ActiveCfg = Release|Any CPU
		{AC5427F1-BE17-4A63-BBF0-021A9B9084D9}.Release|Any CPU.Build.0 = Release|Any CPU
		{8FFF7AC4-5926-4394-A6A5-D8BEBDBF1AD5}.Debug|Any CPU.ActiveCfg = Debug|Any CPU
		{8FFF7AC4-5926-4394-A6A5-D8BEBDBF1AD5}.Debug|Any CPU.Build.0 = Debug|Any CPU
		{8FFF7AC4-5926-4394-A6A5-D8BEBDBF1AD5}.Release|Any CPU.ActiveCfg = Release|Any CPU
		{8FFF7AC4-5926-4394-A6A5-D8BEBDBF1AD5}.Release|Any CPU.Build.0 = Release|Any CPU
	EndGlobalSection
	GlobalSection(SolutionProperties) = preSolution
		HideSolutionNode = FALSE
	EndGlobalSection
	GlobalSection(ExtensibilityGlobals) = postSolution
		SolutionGuid = {853F53DA-6219-4BD6-8E97-97E87E7F94E1}
	EndGlobalSection
EndGlobal
